# This file is automatically @generated by Cargo.
# It is not intended for manual editing.
version = 3

[[package]]
name = "q3"
version = "0.1.0"
dependencies = [
 "type-info",
]

[[package]]
name = "type-info"
version = "0.2.1"
source = "registry+https://github.com/rust-lang/crates.io-index"
checksum = "59194d134b1dc597f7bae39e8786c78d3fef924a390a2e0d5920f0e57188fc09"
